
Microsoft Visual Studio Solution File, Format Version 12.00
# Visual Studio Version 17
VisualStudioVersion = 17.6.33815.320
MinimumVisualStudioVersion = 10.0.40219.1
Project("{8BC9CEB8-8B4A-11D0-8D11-00A0C91BC942}") = "blink", "blink\blink.vcxproj", "{C898A5C8-8B29-4246-A58D-92ACB3FBAD59}"
EndProject
Global
	GlobalSection(SolutionConfigurationPlatforms) = preSolution
		dbg|i486 = dbg|i486
		dbg|x86_64 = dbg|x86_64
		rel|i486 = rel|i486
		rel|x86_64 = rel|x86_64
	EndGlobalSection
	GlobalSection(ProjectConfigurationPlatforms) = postSolution
		{C898A5C8-8B29-4246-A58D-92ACB3FBAD59}.dbg|i486.ActiveCfg = dbg|Win32
		{C898A5C8-8B29-4246-A58D-92ACB3FBAD59}.dbg|i486.Build.0 = dbg|Win32
		{C898A5C8-8B29-4246-A58D-92ACB3FBAD59}.dbg|x86_64.ActiveCfg = dbg|x64
		{C898A5C8-8B29-4246-A58D-92ACB3FBAD59}.dbg|x86_64.Build.0 = dbg|x64
		{C898A5C8-8B29-4246-A58D-92ACB3FBAD59}.rel|i486.ActiveCfg = rel|Win32
		{C898A5C8-8B29-4246-A58D-92ACB3FBAD59}.rel|i486.Build.0 = rel|Win32
		{C898A5C8-8B29-4246-A58D-92ACB3FBAD59}.rel|x86_64.ActiveCfg = rel|x64
		{C898A5C8-8B29-4246-A58D-92ACB3FBAD59}.rel|x86_64.Build.0 = rel|x64
	EndGlobalSection
	GlobalSection(SolutionProperties) = preSolution
		HideSolutionNode = FALSE
	EndGlobalSection
	GlobalSection(ExtensibilityGlobals) = postSolution
		SolutionGuid = {5DE442FD-277A-46A7-A02A-F5122822D63F}
	EndGlobalSection
EndGlobal
